
Microsoft Visual Studio Solution File, Format Version 12.00
# Visual Studio Version 16
VisualStudioVersion = 16.0.31911.196
MinimumVisualStudioVersion = 10.0.40219.1
Project("{FAE04EC0-301F-11D3-BF4B-00C04F79EFBC}") = "NetSatis.Entities", "NetSatis.Entities\NetSatis.Entities.csproj", "{C08D9253-92B5-4AF4-BC51-96E46C95C98E}"
EndProject
Project("{FAE04EC0-301F-11D3-BF4B-00C04F79EFBC}") = "NetSatis.BackOffice", "NetSatis.BackOffice\NetSatis.BackOffice.csproj", "{43ECC7F7-F4A9-43CF-8BA7-6212E9B7B741}"
EndProject
Project("{FAE04EC0-301F-11D3-BF4B-00C04F79EFBC}") = "NetSatis.FrontOffice", "NetSatis.FrontOffice\NetSatis.FrontOffice.csproj", "{3D76643D-0B06-4F33-9728-F272B0F06B41}"
EndProject
Global
	GlobalSection(SolutionConfigurationPlatforms) = preSolution
		Debug|Any CPU = Debug|Any CPU
		Release|Any CPU = Release|Any CPU
	EndGlobalSection
	GlobalSection(ProjectConfigurationPlatforms) = postSolution
		{C08D9253-92B5-4AF4-BC51-96E46C95C98E}.Debug|Any CPU.ActiveCfg = Debug|Any CPU
		{C08D9253-92B5-4AF4-BC51-96E46C95C98E}.Debug|Any CPU.Build.0 = Debug|Any CPU
		{C08D9253-92B5-4AF4-BC51-96E46C95C98E}.Release|Any CPU.ActiveCfg = Release|Any CPU
		{C08D9253-92B5-4AF4-BC51-96E46C95C98E}.Release|Any CPU.Build.0 = Release|Any CPU
		{43ECC7F7-F4A9-43CF-8BA7-6212E9B7B741}.Debug|Any CPU.ActiveCfg = Debug|Any CPU
		{43ECC7F7-F4A9-43CF-8BA7-6212E9B7B741}.Debug|Any CPU.Build.0 = Debug|Any CPU
		{43ECC7F7-F4A9-43CF-8BA7-6212E9B7B741}.Release|Any CPU.ActiveCfg = Release|Any CPU
		{43ECC7F7-F4A9-43CF-8BA7-6212E9B7B741}.Release|Any CPU.Build.0 = Release|Any CPU
		{3D76643D-0B06-4F33-9728-F272B0F06B41}.Debug|Any CPU.ActiveCfg = Debug|Any CPU
		{3D76643D-0B06-4F33-9728-F272B0F06B41}.Debug|Any CPU.Build.0 = Debug|Any CPU
		{3D76643D-0B06-4F33-9728-F272B0F06B41}.Release|Any CPU.ActiveCfg = Release|Any CPU
		{3D76643D-0B06-4F33-9728-F272B0F06B41}.Release|Any CPU.Build.0 = Release|Any CPU
	EndGlobalSection
	GlobalSection(SolutionProperties) = preSolution
		HideSolutionNode = FALSE
	EndGlobalSection
	GlobalSection(ExtensibilityGlobals) = postSolution
		SolutionGuid = {7F8D99D1-08DA-46EB-9E27-5BE08E084DCC}
	EndGlobalSection
EndGlobal
